
Microsoft Visual Studio Solution File, Format Version 12.00
# Visual Studio Version 16
VisualStudioVersion = 16.0.31829.152
MinimumVisualStudioVersion = 10.0.40219.1
Project("{FAE04EC0-301F-11D3-BF4B-00C04F79EFBC}") = "SalesWebMvc", "SalesWebMvc\SalesWebMvc.csproj", "{CC3E626A-CA8A-4DCF-BB02-3455B7FC6F90}"
EndProject
Global
	GlobalSection(SolutionConfigurationPlatforms) = preSolution
		Debug|Any CPU = Debug|Any CPU
		Release|Any CPU = Release|Any CPU
	EndGlobalSection
	GlobalSection(ProjectConfigurationPlatforms) = postSolution
		{CC3E626A-CA8A-4DCF-BB02-3455B7FC6F90}.Debug|Any CPU.ActiveCfg = Debug|Any CPU
		{CC3E626A-CA8A-4DCF-BB02-3455B7FC6F90}.Debug|Any CPU.Build.0 = Debug|Any CPU
		{CC3E626A-CA8A-4DCF-BB02-3455B7FC6F90}.Release|Any CPU.ActiveCfg = Release|Any CPU
		{CC3E626A-CA8A-4DCF-BB02-3455B7FC6F90}.Release|Any CPU.Build.0 = Release|Any CPU
	EndGlobalSection
	GlobalSection(SolutionProperties) = preSolution
		HideSolutionNode = FALSE
	EndGlobalSection
	GlobalSection(ExtensibilityGlobals) = postSolution
		SolutionGuid = {A1FDDD61-EB85-4DA2-9150-0EC6E56523AB}
	EndGlobalSection
EndGlobal
